// !$*UTF8*$!
{
	archiveVersion = 1;
	classes = {
	};
	objectVersion = 55;
	objects = {

/* Begin PBXBuildFile section */
		6F08AB8B27FC04E200199A6A /* FormAddNewPostView.swift in Sources */ = {isa = PBXBuildFile; fileRef = 6F08AB8A27FC04E200199A6A /* FormAddNewPostView.swift */; };
		6F29668F27FD604600F83980 /* exampleUsers.json in Resources */ = {isa = PBXBuildFile; fileRef = 6F29668E27FD604600F83980 /* exampleUsers.json */; };
		6F29669127FD615E00F83980 /* AuthorizedUsersViewModel.swift in Sources */ = {isa = PBXBuildFile; fileRef = 6F29669027FD615E00F83980 /* AuthorizedUsersViewModel.swift */; };
		6F29669327FD635500F83980 /* CurrentUserView.swift in Sources */ = {isa = PBXBuildFile; fileRef = 6F29669227FD635500F83980 /* CurrentUserView.swift */; };
		6F29669527FD63FB00F83980 /* AvatarCircleFixSizeView.swift in Sources */ = {isa = PBXBuildFile; fileRef = 6F29669427FD63FB00F83980 /* AvatarCircleFixSizeView.swift */; };
		6F29669B27FD91F400F83980 /* PostLikersView.swift in Sources */ = {isa = PBXBuildFile; fileRef = 6F29669A27FD91F400F83980 /* PostLikersView.swift */; };
		6F29669E27FD926A00F83980 /* PostAutorAvatarView.swift in Sources */ = {isa = PBXBuildFile; fileRef = 6F29669D27FD926A00F83980 /* PostAutorAvatarView.swift */; };
		6F2966A027FD92C900F83980 /* PostImagesView.swift in Sources */ = {isa = PBXBuildFile; fileRef = 6F29669F27FD92C800F83980 /* PostImagesView.swift */; };
		6F2FBA71281115050000106A /* AssyncImageView.swift in Sources */ = {isa = PBXBuildFile; fileRef = 6F2FBA70281115050000106A /* AssyncImageView.swift */; };
		6F2FBA73281117260000106A /* LocalImageView.swift in Sources */ = {isa = PBXBuildFile; fileRef = 6F2FBA72281117260000106A /* LocalImageView.swift */; };
		6F4AA8A727FBF27C00BBB7D5 /* ListingPostsView.swift in Sources */ = {isa = PBXBuildFile; fileRef = 6F4AA8A627FBF27C00BBB7D5 /* ListingPostsView.swift */; };
		6F4AA8AA27FBF2C000BBB7D5 /* Constants.swift in Sources */ = {isa = PBXBuildFile; fileRef = 6F4AA8A927FBF2C000BBB7D5 /* Constants.swift */; };
		6F4AA8B227FBF2DF00BBB7D5 /* Montserrat-Light.ttf in Resources */ = {isa = PBXBuildFile; fileRef = 6F4AA8AC27FBF2DF00BBB7D5 /* Montserrat-Light.ttf */; };
		6F4AA8B327FBF2DF00BBB7D5 /* Raleway-Regular.ttf in Resources */ = {isa = PBXBuildFile; fileRef = 6F4AA8AD27FBF2DF00BBB7D5 /* Raleway-Regular.ttf */; };
		6F4AA8B427FBF2DF00BBB7D5 /* Montserrat-Bold.ttf in Resources */ = {isa = PBXBuildFile; fileRef = 6F4AA8AE27FBF2DF00BBB7D5 /* Montserrat-Bold.ttf */; };
		6F4AA8B527FBF2DF00BBB7D5 /* Raleway-Light.ttf in Resources */ = {isa = PBXBuildFile; fileRef = 6F4AA8AF27FBF2DF00BBB7D5 /* Raleway-Light.ttf */; };
		6F4AA8B627FBF2DF00BBB7D5 /* Montserrat-Regular.ttf in Resources */ = {isa = PBXBuildFile; fileRef = 6F4AA8B027FBF2DF00BBB7D5 /* Montserrat-Regular.ttf */; };
		6F4AA8B727FBF2DF00BBB7D5 /* Raleway-Bold.ttf in Resources */ = {isa = PBXBuildFile; fileRef = 6F4AA8B127FBF2DF00BBB7D5 /* Raleway-Bold.ttf */; };
		6F4AA8BA27FBF46500BBB7D5 /* PostView.swift in Sources */ = {isa = PBXBuildFile; fileRef = 6F4AA8B927FBF46500BBB7D5 /* PostView.swift */; };
		6F4AA8BC27FBF5A300BBB7D5 /* TabsView.swift in Sources */ = {isa = PBXBuildFile; fileRef = 6F4AA8BB27FBF5A300BBB7D5 /* TabsView.swift */; };
		6F4AA8BE27FBFF5000BBB7D5 /* HeaderHomeView.swift in Sources */ = {isa = PBXBuildFile; fileRef = 6F4AA8BD27FBFF5000BBB7D5 /* HeaderHomeView.swift */; };
		6F740035280682B70095D5C4 /* RespondedUsersView.swift in Sources */ = {isa = PBXBuildFile; fileRef = 6F740034280682B70095D5C4 /* RespondedUsersView.swift */; };
		6F7400372806832B0095D5C4 /* ReorderableForEach.swift in Sources */ = {isa = PBXBuildFile; fileRef = 6F7400362806832B0095D5C4 /* ReorderableForEach.swift */; };
		6F74003B280685D50095D5C4 /* AvatarCircleView.swift in Sources */ = {isa = PBXBuildFile; fileRef = 6F74003A280685D50095D5C4 /* AvatarCircleView.swift */; };
		6F74003D2806881A0095D5C4 /* SelectedUserView.swift in Sources */ = {isa = PBXBuildFile; fileRef = 6F74003C2806881A0095D5C4 /* SelectedUserView.swift */; };
		6F74003F2806B8E50095D5C4 /* exampleHotels.json in Resources */ = {isa = PBXBuildFile; fileRef = 6F74003E2806B8E50095D5C4 /* exampleHotels.json */; };
		6F7400412806BB510095D5C4 /* Hotel.swift in Sources */ = {isa = PBXBuildFile; fileRef = 6F7400402806BB510095D5C4 /* Hotel.swift */; };
		6F84FD37281A2C2C001B6BF4 /* BookingView.swift in Sources */ = {isa = PBXBuildFile; fileRef = 6F84FD36281A2C2C001B6BF4 /* BookingView.swift */; };
		6F84FD44281A4F74001B6BF4 /* SingleRegistrationView.swift in Sources */ = {isa = PBXBuildFile; fileRef = 6F84FD43281A4F74001B6BF4 /* SingleRegistrationView.swift */; };
		6F84FD47281A56E9001B6BF4 /* BabrScuplptureView.swift in Sources */ = {isa = PBXBuildFile; fileRef = 6F84FD46281A56E9001B6BF4 /* BabrScuplptureView.swift */; };
		6F8A547027FAD2D200674EB6 /* examplePosts.json in Resources */ = {isa = PBXBuildFile; fileRef = 6F8A546F27FAD2D200674EB6 /* examplePosts.json */; };
		6F8A547227FAD68600674EB6 /* PostListingViewModel.swift in Sources */ = {isa = PBXBuildFile; fileRef = 6F8A547127FAD68600674EB6 /* PostListingViewModel.swift */; };
		6F8A95CA280563D600D2759A /* Registration.swift in Sources */ = {isa = PBXBuildFile; fileRef = 6F8A95C9280563D600D2759A /* Registration.swift */; };
		6F8A95CC2805647300D2759A /* PostRegistrationsView.swift in Sources */ = {isa = PBXBuildFile; fileRef = 6F8A95CB2805647300D2759A /* PostRegistrationsView.swift */; };
		6F8A95CE28056E7E00D2759A /* RegistrationRespondedUsers.swift in Sources */ = {isa = PBXBuildFile; fileRef = 6F8A95CD28056E7E00D2759A /* RegistrationRespondedUsers.swift */; };
		6FC2E2F72807CAB50051FE5F /* HotelPreviewCardView.swift in Sources */ = {isa = PBXBuildFile; fileRef = 6FC2E2F62807CAB50051FE5F /* HotelPreviewCardView.swift */; };
		6FC2E2F92807CE490051FE5F /* RatingView.swift in Sources */ = {isa = PBXBuildFile; fileRef = 6FC2E2F82807CE490051FE5F /* RatingView.swift */; };
		6FC2E2FB2807D2850051FE5F /* Extenssions.swift in Sources */ = {isa = PBXBuildFile; fileRef = 6FC2E2FA2807D2850051FE5F /* Extenssions.swift */; };
		6FC2E3012807D7900051FE5F /* RoomForRent.swift in Sources */ = {isa = PBXBuildFile; fileRef = 6FC2E3002807D7900051FE5F /* RoomForRent.swift */; };
		6FC2E3032807DFA00051FE5F /* RoomPreviewCardView.swift in Sources */ = {isa = PBXBuildFile; fileRef = 6FC2E3022807DFA00051FE5F /* RoomPreviewCardView.swift */; };
		6FC2E3052807F0020051FE5F /* ServicesTabView.swift in Sources */ = {isa = PBXBuildFile; fileRef = 6FC2E3042807F0020051FE5F /* ServicesTabView.swift */; };
		6FC2E30B2807F45A0051FE5F /* exampleCategories.json in Resources */ = {isa = PBXBuildFile; fileRef = 6FC2E30A2807F45A0051FE5F /* exampleCategories.json */; };
		6FC2E30D280805820051FE5F /* ListingUsersRegistrationsView.swift in Sources */ = {isa = PBXBuildFile; fileRef = 6FC2E30C280805820051FE5F /* ListingUsersRegistrationsView.swift */; };
		6FCB5F1D27F562870081A96F /* Yabaikal_iOSApp.swift in Sources */ = {isa = PBXBuildFile; fileRef = 6FCB5F1C27F562870081A96F /* Yabaikal_iOSApp.swift */; };
		6FCB5F1F27F562870081A96F /* ContentView.swift in Sources */ = {isa = PBXBuildFile; fileRef = 6FCB5F1E27F562870081A96F /* ContentView.swift */; };
		6FCB5F2127F562880081A96F /* Assets.xcassets in Resources */ = {isa = PBXBuildFile; fileRef = 6FCB5F2027F562880081A96F /* Assets.xcassets */; };
		6FCB5F2427F562880081A96F /* Preview Assets.xcassets in Resources */ = {isa = PBXBuildFile; fileRef = 6FCB5F2327F562880081A96F /* Preview Assets.xcassets */; };
		6FCB5F2B27F57E100081A96F /* User.swift in Sources */ = {isa = PBXBuildFile; fileRef = 6FCB5F2A27F57E100081A96F /* User.swift */; };
		6FCB5F3027F57ECC0081A96F /* Post.swift in Sources */ = {isa = PBXBuildFile; fileRef = 6FCB5F2F27F57ECC0081A96F /* Post.swift */; };
		6FCB5F3227F57EF70081A96F /* Picture.swift in Sources */ = {isa = PBXBuildFile; fileRef = 6FCB5F3127F57EF70081A96F /* Picture.swift */; };
		6FCB5F3527F57F490081A96F /* Category.swift in Sources */ = {isa = PBXBuildFile; fileRef = 6FCB5F3427F57F490081A96F /* Category.swift */; };
		6FCB5F4327F594E10081A96F /* importJSON.swift in Sources */ = {isa = PBXBuildFile; fileRef = 6FCB5F4227F594E10081A96F /* importJSON.swift */; };
		6FF7186F28110DFB008E45CB /* GuidView.swift in Sources */ = {isa = PBXBuildFile; fileRef = 6FF7186E28110DFB008E45CB /* GuidView.swift */; };
/* End PBXBuildFile section */

/* Begin PBXFileReference section */
		6F08AB8A27FC04E200199A6A /* FormAddNewPostView.swift */ = {isa = PBXFileReference; lastKnownFileType = sourcecode.swift; path = FormAddNewPostView.swift; sourceTree = "<group>"; };
		6F29668E27FD604600F83980 /* exampleUsers.json */ = {isa = PBXFileReference; lastKnownFileType = text.json; path = exampleUsers.json; sourceTree = "<group>"; };
		6F29669027FD615E00F83980 /* AuthorizedUsersViewModel.swift */ = {isa = PBXFileReference; lastKnownFileType = sourcecode.swift; path = AuthorizedUsersViewModel.swift; sourceTree = "<group>"; };
		6F29669227FD635500F83980 /* CurrentUserView.swift */ = {isa = PBXFileReference; lastKnownFileType = sourcecode.swift; path = CurrentUserView.swift; sourceTree = "<group>"; };
		6F29669427FD63FB00F83980 /* AvatarCircleFixSizeView.swift */ = {isa = PBXFileReference; lastKnownFileType = sourcecode.swift; path = AvatarCircleFixSizeView.swift; sourceTree = "<group>"; };
		6F29669A27FD91F400F83980 /* PostLikersView.swift */ = {isa = PBXFileReference; lastKnownFileType = sourcecode.swift; path = PostLikersView.swift; sourceTree = "<group>"; };
		6F29669D27FD926A00F83980 /* PostAutorAvatarView.swift */ = {isa = PBXFileReference; lastKnownFileType = sourcecode.swift; path = PostAutorAvatarView.swift; sourceTree = "<group>"; };
		6F29669F27FD92C800F83980 /* PostImagesView.swift */ = {isa = PBXFileReference; lastKnownFileType = sourcecode.swift; path = PostImagesView.swift; sourceTree = "<group>"; };
		6F2FBA70281115050000106A /* AssyncImageView.swift */ = {isa = PBXFileReference; lastKnownFileType = sourcecode.swift; path = AssyncImageView.swift; sourceTree = "<group>"; };
		6F2FBA72281117260000106A /* LocalImageView.swift */ = {isa = PBXFileReference; lastKnownFileType = sourcecode.swift; path = LocalImageView.swift; sourceTree = "<group>"; };
		6F3DBBD227F6C8EF000A0DDE /* Info.plist */ = {isa = PBXFileReference; lastKnownFileType = text.plist; path = Info.plist; sourceTree = "<group>"; };
		6F4AA8A627FBF27C00BBB7D5 /* ListingPostsView.swift */ = {isa = PBXFileReference; lastKnownFileType = sourcecode.swift; path = ListingPostsView.swift; sourceTree = "<group>"; };
		6F4AA8A927FBF2C000BBB7D5 /* Constants.swift */ = {isa = PBXFileReference; lastKnownFileType = sourcecode.swift; path = Constants.swift; sourceTree = "<group>"; };
		6F4AA8AC27FBF2DF00BBB7D5 /* Montserrat-Light.ttf */ = {isa = PBXFileReference; lastKnownFileType = file; path = "Montserrat-Light.ttf"; sourceTree = "<group>"; };
		6F4AA8AD27FBF2DF00BBB7D5 /* Raleway-Regular.ttf */ = {isa = PBXFileReference; lastKnownFileType = file; path = "Raleway-Regular.ttf"; sourceTree = "<group>"; };
		6F4AA8AE27FBF2DF00BBB7D5 /* Montserrat-Bold.ttf */ = {isa = PBXFileReference; lastKnownFileType = file; path = "Montserrat-Bold.ttf"; sourceTree = "<group>"; };
		6F4AA8AF27FBF2DF00BBB7D5 /* Raleway-Light.ttf */ = {isa = PBXFileReference; lastKnownFileType = file; path = "Raleway-Light.ttf"; sourceTree = "<group>"; };
		6F4AA8B027FBF2DF00BBB7D5 /* Montserrat-Regular.ttf */ = {isa = PBXFileReference; lastKnownFileType = file; path = "Montserrat-Regular.ttf"; sourceTree = "<group>"; };
		6F4AA8B127FBF2DF00BBB7D5 /* Raleway-Bold.ttf */ = {isa = PBXFileReference; lastKnownFileType = file; path = "Raleway-Bold.ttf"; sourceTree = "<group>"; };
		6F4AA8B927FBF46500BBB7D5 /* PostView.swift */ = {isa = PBXFileReference; lastKnownFileType = sourcecode.swift; path = PostView.swift; sourceTree = "<group>"; };
		6F4AA8BB27FBF5A300BBB7D5 /* TabsView.swift */ = {isa = PBXFileReference; lastKnownFileType = sourcecode.swift; path = TabsView.swift; sourceTree = "<group>"; };
		6F4AA8BD27FBFF5000BBB7D5 /* HeaderHomeView.swift */ = {isa = PBXFileReference; lastKnownFileType = sourcecode.swift; path = HeaderHomeView.swift; sourceTree = "<group>"; };
		6F740034280682B70095D5C4 /* RespondedUsersView.swift */ = {isa = PBXFileReference; lastKnownFileType = sourcecode.swift; path = RespondedUsersView.swift; sourceTree = "<group>"; };
		6F7400362806832B0095D5C4 /* ReorderableForEach.swift */ = {isa = PBXFileReference; lastKnownFileType = sourcecode.swift; path = ReorderableForEach.swift; sourceTree = "<group>"; };
		6F74003A280685D50095D5C4 /* AvatarCircleView.swift */ = {isa = PBXFileReference; lastKnownFileType = sourcecode.swift; path = AvatarCircleView.swift; sourceTree = "<group>"; };
		6F74003C2806881A0095D5C4 /* SelectedUserView.swift */ = {isa = PBXFileReference; lastKnownFileType = sourcecode.swift; path = SelectedUserView.swift; sourceTree = "<group>"; };
		6F74003E2806B8E50095D5C4 /* exampleHotels.json */ = {isa = PBXFileReference; lastKnownFileType = text.json; path = exampleHotels.json; sourceTree = "<group>"; };
		6F7400402806BB510095D5C4 /* Hotel.swift */ = {isa = PBXFileReference; lastKnownFileType = sourcecode.swift; path = Hotel.swift; sourceTree = "<group>"; };
		6F84FD36281A2C2C001B6BF4 /* BookingView.swift */ = {isa = PBXFileReference; lastKnownFileType = sourcecode.swift; path = BookingView.swift; sourceTree = "<group>"; };
		6F84FD43281A4F74001B6BF4 /* SingleRegistrationView.swift */ = {isa = PBXFileReference; lastKnownFileType = sourcecode.swift; path = SingleRegistrationView.swift; sourceTree = "<group>"; };
		6F84FD46281A56E9001B6BF4 /* BabrScuplptureView.swift */ = {isa = PBXFileReference; lastKnownFileType = sourcecode.swift; path = BabrScuplptureView.swift; sourceTree = "<group>"; };
		6F8A546F27FAD2D200674EB6 /* examplePosts.json */ = {isa = PBXFileReference; lastKnownFileType = text.json; path = examplePosts.json; sourceTree = "<group>"; };
		6F8A547127FAD68600674EB6 /* PostListingViewModel.swift */ = {isa = PBXFileReference; lastKnownFileType = sourcecode.swift; path = PostListingViewModel.swift; sourceTree = "<group>"; };
		6F8A95C9280563D600D2759A /* Registration.swift */ = {isa = PBXFileReference; lastKnownFileType = sourcecode.swift; path = Registration.swift; sourceTree = "<group>"; };
		6F8A95CB2805647300D2759A /* PostRegistrationsView.swift */ = {isa = PBXFileReference; lastKnownFileType = sourcecode.swift; path = PostRegistrationsView.swift; sourceTree = "<group>"; };
		6F8A95CD28056E7E00D2759A /* RegistrationRespondedUsers.swift */ = {isa = PBXFileReference; lastKnownFileType = sourcecode.swift; path = RegistrationRespondedUsers.swift; sourceTree = "<group>"; };
		6FC2E2F62807CAB50051FE5F /* HotelPreviewCardView.swift */ = {isa = PBXFileReference; lastKnownFileType = sourcecode.swift; path = HotelPreviewCardView.swift; sourceTree = "<group>"; };
		6FC2E2F82807CE490051FE5F /* RatingView.swift */ = {isa = PBXFileReference; lastKnownFileType = sourcecode.swift; path = RatingView.swift; sourceTree = "<group>"; };
		6FC2E2FA2807D2850051FE5F /* Extenssions.swift */ = {isa = PBXFileReference; lastKnownFileType = sourcecode.swift; path = Extenssions.swift; sourceTree = "<group>"; };
		6FC2E3002807D7900051FE5F /* RoomForRent.swift */ = {isa = PBXFileReference; lastKnownFileType = sourcecode.swift; path = RoomForRent.swift; sourceTree = "<group>"; };
		6FC2E3022807DFA00051FE5F /* RoomPreviewCardView.swift */ = {isa = PBXFileReference; lastKnownFileType = sourcecode.swift; path = RoomPreviewCardView.swift; sourceTree = "<group>"; };
		6FC2E3042807F0020051FE5F /* ServicesTabView.swift */ = {isa = PBXFileReference; lastKnownFileType = sourcecode.swift; path = ServicesTabView.swift; sourceTree = "<group>"; };
		6FC2E30A2807F45A0051FE5F /* exampleCategories.json */ = {isa = PBXFileReference; fileEncoding = 4; lastKnownFileType = text.json; path = exampleCategories.json; sourceTree = "<group>"; };
		6FC2E30C280805820051FE5F /* ListingUsersRegistrationsView.swift */ = {isa = PBXFileReference; lastKnownFileType = sourcecode.swift; path = ListingUsersRegistrationsView.swift; sourceTree = "<group>"; };
		6FCB5F1927F562870081A96F /* Yabaikal-iOS.app */ = {isa = PBXFileReference; explicitFileType = wrapper.application; includeInIndex = 0; path = "Yabaikal-iOS.app"; sourceTree = BUILT_PRODUCTS_DIR; };
		6FCB5F1C27F562870081A96F /* Yabaikal_iOSApp.swift */ = {isa = PBXFileReference; lastKnownFileType = sourcecode.swift; path = Yabaikal_iOSApp.swift; sourceTree = "<group>"; };
		6FCB5F1E27F562870081A96F /* ContentView.swift */ = {isa = PBXFileReference; lastKnownFileType = sourcecode.swift; path = ContentView.swift; sourceTree = "<group>"; };
		6FCB5F2027F562880081A96F /* Assets.xcassets */ = {isa = PBXFileReference; lastKnownFileType = folder.assetcatalog; path = Assets.xcassets; sourceTree = "<group>"; };
		6FCB5F2327F562880081A96F /* Preview Assets.xcassets */ = {isa = PBXFileReference; lastKnownFileType = folder.assetcatalog; path = "Preview Assets.xcassets"; sourceTree = "<group>"; };
		6FCB5F2A27F57E100081A96F /* User.swift */ = {isa = PBXFileReference; lastKnownFileType = sourcecode.swift; path = User.swift; sourceTree = "<group>"; };
		6FCB5F2F27F57ECC0081A96F /* Post.swift */ = {isa = PBXFileReference; lastKnownFileType = sourcecode.swift; path = Post.swift; sourceTree = "<group>"; };
		6FCB5F3127F57EF70081A96F /* Picture.swift */ = {isa = PBXFileReference; lastKnownFileType = sourcecode.swift; path = Picture.swift; sourceTree = "<group>"; };
		6FCB5F3427F57F490081A96F /* Category.swift */ = {isa = PBXFileReference; lastKnownFileType = sourcecode.swift; path = Category.swift; sourceTree = "<group>"; };
		6FCB5F4227F594E10081A96F /* importJSON.swift */ = {isa = PBXFileReference; lastKnownFileType = sourcecode.swift; path = importJSON.swift; sourceTree = "<group>"; };
		6FF7186E28110DFB008E45CB /* GuidView.swift */ = {isa = PBXFileReference; lastKnownFileType = sourcecode.swift; path = GuidView.swift; sourceTree = "<group>"; };
/* End PBXFileReference section */

/* Begin PBXFrameworksBuildPhase section */
		6FCB5F1627F562870081A96F /* Frameworks */ = {
			isa = PBXFrameworksBuildPhase;
			buildActionMask = 2147483647;
			files = (
			);
			runOnlyForDeploymentPostprocessing = 0;
		};
/* End PBXFrameworksBuildPhase section */

/* Begin PBXGroup section */
		6F29669C27FD922000F83980 /* PostMetaViews */ = {
			isa = PBXGroup;
			children = (
				6F29669D27FD926A00F83980 /* PostAutorAvatarView.swift */,
				6F29669F27FD92C800F83980 /* PostImagesView.swift */,
				6F740039280683500095D5C4 /* PostRegistrations */,
				6F29669A27FD91F400F83980 /* PostLikersView.swift */,
			);
			path = PostMetaViews;
			sourceTree = "<group>";
		};
		6F3DBBCF27F6C0E3000A0DDE /* ViewModels */ = {
			isa = PBXGroup;
			children = (
				6F8A547127FAD68600674EB6 /* PostListingViewModel.swift */,
				6F29669027FD615E00F83980 /* AuthorizedUsersViewModel.swift */,
			);
			path = ViewModels;
			sourceTree = "<group>";
		};
		6F4AA8A827FBF28100BBB7D5 /* Views */ = {
			isa = PBXGroup;
			children = (
				6F4AA8BB27FBF5A300BBB7D5 /* TabsView.swift */,
				6F4AA8BD27FBFF5000BBB7D5 /* HeaderHomeView.swift */,
				6FC2E3042807F0020051FE5F /* ServicesTabView.swift */,
				6FF7186E28110DFB008E45CB /* GuidView.swift */,
				6FC2E2FF2807D6070051FE5F /* PostViews */,
				6FC2E2FC2807D5B10051FE5F /* Booking */,
				6FC2E2FE2807D5EF0051FE5F /* Users */,
				6F740038280683430095D5C4 /* ViewExtenssions */,
			);
			path = Views;
			sourceTree = "<group>";
		};
		6F4AA8AB27FBF2DF00BBB7D5 /* Fonts */ = {
			isa = PBXGroup;
			children = (
				6F4AA8AC27FBF2DF00BBB7D5 /* Montserrat-Light.ttf */,
				6F4AA8AD27FBF2DF00BBB7D5 /* Raleway-Regular.ttf */,
				6F4AA8AE27FBF2DF00BBB7D5 /* Montserrat-Bold.ttf */,
				6F4AA8AF27FBF2DF00BBB7D5 /* Raleway-Light.ttf */,
				6F4AA8B027FBF2DF00BBB7D5 /* Montserrat-Regular.ttf */,
				6F4AA8B127FBF2DF00BBB7D5 /* Raleway-Bold.ttf */,
			);
			path = Fonts;
			sourceTree = "<group>";
		};
		6F4AA8B827FBF42100BBB7D5 /* Data */ = {
			isa = PBXGroup;
			children = (
				6F8A546F27FAD2D200674EB6 /* examplePosts.json */,
				6F29668E27FD604600F83980 /* exampleUsers.json */,
				6F74003E2806B8E50095D5C4 /* exampleHotels.json */,
				6FC2E30A2807F45A0051FE5F /* exampleCategories.json */,
			);
			path = Data;
			sourceTree = "<group>";
		};
		6F740038280683430095D5C4 /* ViewExtenssions */ = {
			isa = PBXGroup;
			children = (
				6FC2E2FA2807D2850051FE5F /* Extenssions.swift */,
				6FC2E2FD2807D5D90051FE5F /* Images */,
				6FC2E2F82807CE490051FE5F /* RatingView.swift */,
				6F7400362806832B0095D5C4 /* ReorderableForEach.swift */,
			);
			path = ViewExtenssions;
			sourceTree = "<group>";
		};
		6F740039280683500095D5C4 /* PostRegistrations */ = {
			isa = PBXGroup;
			children = (
				6F8A95CB2805647300D2759A /* PostRegistrationsView.swift */,
				6F8A95CD28056E7E00D2759A /* RegistrationRespondedUsers.swift */,
				6F740034280682B70095D5C4 /* RespondedUsersView.swift */,
			);
			path = PostRegistrations;
			sourceTree = "<group>";
		};
		6F84FD45281A56D3001B6BF4 /* Demo */ = {
			isa = PBXGroup;
			children = (
				6F84FD36281A2C2C001B6BF4 /* BookingView.swift */,
				6F84FD46281A56E9001B6BF4 /* BabrScuplptureView.swift */,
			);
			path = Demo;
			sourceTree = "<group>";
		};
		6FC2E2FC2807D5B10051FE5F /* Booking */ = {
			isa = PBXGroup;
			children = (
				6FC2E2F62807CAB50051FE5F /* HotelPreviewCardView.swift */,
				6FC2E3022807DFA00051FE5F /* RoomPreviewCardView.swift */,
			);
			path = Booking;
			sourceTree = "<group>";
		};
		6FC2E2FD2807D5D90051FE5F /* Images */ = {
			isa = PBXGroup;
			children = (
				6F29669427FD63FB00F83980 /* AvatarCircleFixSizeView.swift */,
				6F74003A280685D50095D5C4 /* AvatarCircleView.swift */,
				6F2FBA70281115050000106A /* AssyncImageView.swift */,
				6F2FBA72281117260000106A /* LocalImageView.swift */,
			);
			path = Images;
			sourceTree = "<group>";
		};
		6FC2E2FE2807D5EF0051FE5F /* Users */ = {
			isa = PBXGroup;
			children = (
				6F29669227FD635500F83980 /* CurrentUserView.swift */,
				6F74003C2806881A0095D5C4 /* SelectedUserView.swift */,
			);
			path = Users;
			sourceTree = "<group>";
		};
		6FC2E2FF2807D6070051FE5F /* PostViews */ = {
			isa = PBXGroup;
			children = (
				6F4AA8A627FBF27C00BBB7D5 /* ListingPostsView.swift */,
				6FC2E30C280805820051FE5F /* ListingUsersRegistrationsView.swift */,
				6F84FD43281A4F74001B6BF4 /* SingleRegistrationView.swift */,
				6F08AB8A27FC04E200199A6A /* FormAddNewPostView.swift */,
				6F4AA8B927FBF46500BBB7D5 /* PostView.swift */,
				6F29669C27FD922000F83980 /* PostMetaViews */,
			);
			path = PostViews;
			sourceTree = "<group>";
		};
		6FCB5F1027F562870081A96F = {
			isa = PBXGroup;
			children = (
				6FCB5F1B27F562870081A96F /* Yabaikal-iOS */,
				6FCB5F1A27F562870081A96F /* Products */,
			);
			sourceTree = "<group>";
		};
		6FCB5F1A27F562870081A96F /* Products */ = {
			isa = PBXGroup;
			children = (
				6FCB5F1927F562870081A96F /* Yabaikal-iOS.app */,
			);
			name = Products;
			sourceTree = "<group>";
		};
		6FCB5F1B27F562870081A96F /* Yabaikal-iOS */ = {
			isa = PBXGroup;
			children = (
				6F3DBBD227F6C8EF000A0DDE /* Info.plist */,
				6FCB5F1C27F562870081A96F /* Yabaikal_iOSApp.swift */,
				6FCB5F1E27F562870081A96F /* ContentView.swift */,
				6F4AA8A927FBF2C000BBB7D5 /* Constants.swift */,
				6F84FD45281A56D3001B6BF4 /* Demo */,
				6F4AA8A827FBF28100BBB7D5 /* Views */,
				6F3DBBCF27F6C0E3000A0DDE /* ViewModels */,
				6FCB5F2C27F57E640081A96F /* Models */,
				6FCB5F2027F562880081A96F /* Assets.xcassets */,
				6F4AA8B827FBF42100BBB7D5 /* Data */,
				6F4AA8AB27FBF2DF00BBB7D5 /* Fonts */,
				6FCB5F2227F562880081A96F /* Preview Content */,
			);
			path = "Yabaikal-iOS";
			sourceTree = "<group>";
		};
		6FCB5F2227F562880081A96F /* Preview Content */ = {
			isa = PBXGroup;
			children = (
				6FCB5F2327F562880081A96F /* Preview Assets.xcassets */,
			);
			path = "Preview Content";
			sourceTree = "<group>";
		};
		6FCB5F2C27F57E640081A96F /* Models */ = {
			isa = PBXGroup;
			children = (
				6FCB5F2F27F57ECC0081A96F /* Post.swift */,
				6F8A95C9280563D600D2759A /* Registration.swift */,
				6FCB5F2A27F57E100081A96F /* User.swift */,
				6FCB5F3127F57EF70081A96F /* Picture.swift */,
				6FCB5F3427F57F490081A96F /* Category.swift */,
				6F7400402806BB510095D5C4 /* Hotel.swift */,
				6FC2E3002807D7900051FE5F /* RoomForRent.swift */,
				6FCB5F4227F594E10081A96F /* importJSON.swift */,
			);
			path = Models;
			sourceTree = "<group>";
		};
/* End PBXGroup section */

/* Begin PBXNativeTarget section */
		6FCB5F1827F562870081A96F /* Yabaikal-iOS */ = {
			isa = PBXNativeTarget;
			buildConfigurationList = 6FCB5F2727F562880081A96F /* Build configuration list for PBXNativeTarget "Yabaikal-iOS" */;
			buildPhases = (
				6FCB5F1527F562870081A96F /* Sources */,
				6FCB5F1627F562870081A96F /* Frameworks */,
				6FCB5F1727F562870081A96F /* Resources */,
			);
			buildRules = (
			);
			dependencies = (
			);
			name = "Yabaikal-iOS";
			productName = "Yabaikal-iOS";
			productReference = 6FCB5F1927F562870081A96F /* Yabaikal-iOS.app */;
			productType = "com.apple.product-type.application";
		};
/* End PBXNativeTarget section */

/* Begin PBXProject section */
		6FCB5F1127F562870081A96F /* Project object */ = {
			isa = PBXProject;
			attributes = {
				BuildIndependentTargetsInParallel = 1;
				LastSwiftUpdateCheck = 1320;
				LastUpgradeCheck = 1320;
				TargetAttributes = {
					6FCB5F1827F562870081A96F = {
						CreatedOnToolsVersion = 13.2.1;
					};
				};
			};
			buildConfigurationList = 6FCB5F1427F562870081A96F /* Build configuration list for PBXProject "Yabaikal-iOS" */;
			compatibilityVersion = "Xcode 13.0";
			developmentRegion = en;
			hasScannedForEncodings = 0;
			knownRegions = (
				en,
				Base,
			);
			mainGroup = 6FCB5F1027F562870081A96F;
			productRefGroup = 6FCB5F1A27F562870081A96F /* Products */;
			projectDirPath = "";
			projectRoot = "";
			targets = (
				6FCB5F1827F562870081A96F /* Yabaikal-iOS */,
			);
		};
/* End PBXProject section */

/* Begin PBXResourcesBuildPhase section */
		6FCB5F1727F562870081A96F /* Resources */ = {
			isa = PBXResourcesBuildPhase;
			buildActionMask = 2147483647;
			files = (
				6F4AA8B627FBF2DF00BBB7D5 /* Montserrat-Regular.ttf in Resources */,
				6F4AA8B727FBF2DF00BBB7D5 /* Raleway-Bold.ttf in Resources */,
				6F4AA8B227FBF2DF00BBB7D5 /* Montserrat-Light.ttf in Resources */,
				6F4AA8B327FBF2DF00BBB7D5 /* Raleway-Regular.ttf in Resources */,
				6F4AA8B427FBF2DF00BBB7D5 /* Montserrat-Bold.ttf in Resources */,
				6F4AA8B527FBF2DF00BBB7D5 /* Raleway-Light.ttf in Resources */,
				6FCB5F2427F562880081A96F /* Preview Assets.xcassets in Resources */,
				6F8A547027FAD2D200674EB6 /* examplePosts.json in Resources */,
				6FC2E30B2807F45A0051FE5F /* exampleCategories.json in Resources */,
				6F74003F2806B8E50095D5C4 /* exampleHotels.json in Resources */,
				6F29668F27FD604600F83980 /* exampleUsers.json in Resources */,
				6FCB5F2127F562880081A96F /* Assets.xcassets in Resources */,
			);
			runOnlyForDeploymentPostprocessing = 0;
		};
/* End PBXResourcesBuildPhase section */

/* Begin PBXSourcesBuildPhase section */
		6FCB5F1527F562870081A96F /* Sources */ = {
			isa = PBXSourcesBuildPhase;
			buildActionMask = 2147483647;
			files = (
				6F2FBA71281115050000106A /* AssyncImageView.swift in Sources */,
				6F84FD47281A56E9001B6BF4 /* BabrScuplptureView.swift in Sources */,
				6F8A547227FAD68600674EB6 /* PostListingViewModel.swift in Sources */,
				6F4AA8AA27FBF2C000BBB7D5 /* Constants.swift in Sources */,
				6FC2E3012807D7900051FE5F /* RoomForRent.swift in Sources */,
				6FCB5F4327F594E10081A96F /* importJSON.swift in Sources */,
				6FC2E2F92807CE490051FE5F /* RatingView.swift in Sources */,
				6FCB5F1F27F562870081A96F /* ContentView.swift in Sources */,
				6F740035280682B70095D5C4 /* RespondedUsersView.swift in Sources */,
				6F4AA8A727FBF27C00BBB7D5 /* ListingPostsView.swift in Sources */,
				6F7400412806BB510095D5C4 /* Hotel.swift in Sources */,
				6FC2E30D280805820051FE5F /* ListingUsersRegistrationsView.swift in Sources */,
				6FCB5F3227F57EF70081A96F /* Picture.swift in Sources */,
				6F2966A027FD92C900F83980 /* PostImagesView.swift in Sources */,
				6FCB5F1D27F562870081A96F /* Yabaikal_iOSApp.swift in Sources */,
				6F74003D2806881A0095D5C4 /* SelectedUserView.swift in Sources */,
				6F74003B280685D50095D5C4 /* AvatarCircleView.swift in Sources */,
				6FC2E2F72807CAB50051FE5F /* HotelPreviewCardView.swift in Sources */,
				6F29669527FD63FB00F83980 /* AvatarCircleFixSizeView.swift in Sources */,
				6F84FD37281A2C2C001B6BF4 /* BookingView.swift in Sources */,
				6FCB5F2B27F57E100081A96F /* User.swift in Sources */,
				6F29669127FD615E00F83980 /* AuthorizedUsersViewModel.swift in Sources */,
				6FCB5F3027F57ECC0081A96F /* Post.swift in Sources */,
				6FC2E3032807DFA00051FE5F /* RoomPreviewCardView.swift in Sources */,
				6FF7186F28110DFB008E45CB /* GuidView.swift in Sources */,
				6F4AA8BA27FBF46500BBB7D5 /* PostView.swift in Sources */,
				6F8A95CC2805647300D2759A /* PostRegistrationsView.swift in Sources */,
				6F29669E27FD926A00F83980 /* PostAutorAvatarView.swift in Sources */,
				6F7400372806832B0095D5C4 /* ReorderableForEach.swift in Sources */,
				6F8A95CE28056E7E00D2759A /* RegistrationRespondedUsers.swift in Sources */,
				6FCB5F3527F57F490081A96F /* Category.swift in Sources */,
				6FC2E3052807F0020051FE5F /* ServicesTabView.swift in Sources */,
				6F2FBA73281117260000106A /* LocalImageView.swift in Sources */,
				6F4AA8BE27FBFF5000BBB7D5 /* HeaderHomeView.swift in Sources */,
				6F8A95CA280563D600D2759A /* Registration.swift in Sources */,
				6F29669B27FD91F400F83980 /* PostLikersView.swift in Sources */,
				6FC2E2FB2807D2850051FE5F /* Extenssions.swift in Sources */,
				6F29669327FD635500F83980 /* CurrentUserView.swift in Sources */,
				6F08AB8B27FC04E200199A6A /* FormAddNewPostView.swift in Sources */,
				6F4AA8BC27FBF5A300BBB7D5 /* TabsView.swift in Sources */,
				6F84FD44281A4F74001B6BF4 /* SingleRegistrationView.swift in Sources */,
			);
			runOnlyForDeploymentPostprocessing = 0;
		};
/* End PBXSourcesBuildPhase section */

/* Begin XCBuildConfiguration section */
		6FCB5F2527F562880081A96F /* Debug */ = {
			isa = XCBuildConfiguration;
			buildSettings = {
				ALWAYS_SEARCH_USER_PATHS = NO;
				CLANG_ANALYZER_NONNULL = YES;
				CLANG_ANALYZER_NUMBER_OBJECT_CONVERSION = YES_AGGRESSIVE;
				CLANG_CXX_LANGUAGE_STANDARD = "gnu++17";
				CLANG_CXX_LIBRARY = "libc++";
				CLANG_ENABLE_MODULES = YES;
				CLANG_ENABLE_OBJC_ARC = YES;
				CLANG_ENABLE_OBJC_WEAK = YES;
				CLANG_WARN_BLOCK_CAPTURE_AUTORELEASING = YES;
				CLANG_WARN_BOOL_CONVERSION = YES;
				CLANG_WARN_COMMA = YES;
				CLANG_WARN_CONSTANT_CONVERSION = YES;
				CLANG_WARN_DEPRECATED_OBJC_IMPLEMENTATIONS = YES;
				CLANG_WARN_DIRECT_OBJC_ISA_USAGE = YES_ERROR;
				CLANG_WARN_DOCUMENTATION_COMMENTS = YES;
				CLANG_WARN_EMPTY_BODY = YES;
				CLANG_WARN_ENUM_CONVERSION = YES;
				CLANG_WARN_INFINITE_RECURSION = YES;
				CLANG_WARN_INT_CONVERSION = YES;
				CLANG_WARN_NON_LITERAL_NULL_CONVERSION = YES;
				CLANG_WARN_OBJC_IMPLICIT_RETAIN_SELF = YES;
				CLANG_WARN_OBJC_LITERAL_CONVERSION = YES;
				CLANG_WARN_OBJC_ROOT_CLASS = YES_ERROR;
				CLANG_WARN_QUOTED_INCLUDE_IN_FRAMEWORK_HEADER = YES;
				CLANG_WARN_RANGE_LOOP_ANALYSIS = YES;
				CLANG_WARN_STRICT_PROTOTYPES = YES;
				CLANG_WARN_SUSPICIOUS_MOVE = YES;
				CLANG_WARN_UNGUARDED_AVAILABILITY = YES_AGGRESSIVE;
				CLANG_WARN_UNREACHABLE_CODE = YES;
				CLANG_WARN__DUPLICATE_METHOD_MATCH = YES;
				COPY_PHASE_STRIP = NO;
				DEBUG_INFORMATION_FORMAT = dwarf;
				ENABLE_STRICT_OBJC_MSGSEND = YES;
				ENABLE_TESTABILITY = YES;
				GCC_C_LANGUAGE_STANDARD = gnu11;
				GCC_DYNAMIC_NO_PIC = NO;
				GCC_NO_COMMON_BLOCKS = YES;
				GCC_OPTIMIZATION_LEVEL = 0;
				GCC_PREPROCESSOR_DEFINITIONS = (
					"DEBUG=1",
					"$(inherited)",
				);
				GCC_WARN_64_TO_32_BIT_CONVERSION = YES;
				GCC_WARN_ABOUT_RETURN_TYPE = YES_ERROR;
				GCC_WARN_UNDECLARED_SELECTOR = YES;
				GCC_WARN_UNINITIALIZED_AUTOS = YES_AGGRESSIVE;
				GCC_WARN_UNUSED_FUNCTION = YES;
				GCC_WARN_UNUSED_VARIABLE = YES;
				IPHONEOS_DEPLOYMENT_TARGET = 15.0;
				MTL_ENABLE_DEBUG_INFO = INCLUDE_SOURCE;
				MTL_FAST_MATH = YES;
				ONLY_ACTIVE_ARCH = YES;
				SDKROOT = iphoneos;
				SWIFT_ACTIVE_COMPILATION_CONDITIONS = DEBUG;
				SWIFT_OPTIMIZATION_LEVEL = "-Onone";
			};
			name = Debug;
		};
		6FCB5F2627F562880081A96F /* Release */ = {
			isa = XCBuildConfiguration;
			buildSettings = {
				ALWAYS_SEARCH_USER_PATHS = NO;
				CLANG_ANALYZER_NONNULL = YES;
				CLANG_ANALYZER_NUMBER_OBJECT_CONVERSION = YES_AGGRESSIVE;
				CLANG_CXX_LANGUAGE_STANDARD = "gnu++17";
				CLANG_CXX_LIBRARY = "libc++";
				CLANG_ENABLE_MODULES = YES;
				CLANG_ENABLE_OBJC_ARC = YES;
				CLANG_ENABLE_OBJC_WEAK = YES;
				CLANG_WARN_BLOCK_CAPTURE_AUTORELEASING = YES;
				CLANG_WARN_BOOL_CONVERSION = YES;
				CLANG_WARN_COMMA = YES;
				CLANG_WARN_CONSTANT_CONVERSION = YES;
				CLANG_WARN_DEPRECATED_OBJC_IMPLEMENTATIONS = YES;
				CLANG_WARN_DIRECT_OBJC_ISA_USAGE = YES_ERROR;
				CLANG_WARN_DOCUMENTATION_COMMENTS = YES;
				CLANG_WARN_EMPTY_BODY = YES;
				CLANG_WARN_ENUM_CONVERSION = YES;
				CLANG_WARN_INFINITE_RECURSION = YES;
				CLANG_WARN_INT_CONVERSION = YES;
				CLANG_WARN_NON_LITERAL_NULL_CONVERSION = YES;
				CLANG_WARN_OBJC_IMPLICIT_RETAIN_SELF = YES;
				CLANG_WARN_OBJC_LITERAL_CONVERSION = YES;
				CLANG_WARN_OBJC_ROOT_CLASS = YES_ERROR;
				CLANG_WARN_QUOTED_INCLUDE_IN_FRAMEWORK_HEADER = YES;
				CLANG_WARN_RANGE_LOOP_ANALYSIS = YES;
				CLANG_WARN_STRICT_PROTOTYPES = YES;
				CLANG_WARN_SUSPICIOUS_MOVE = YES;
				CLANG_WARN_UNGUARDED_AVAILABILITY = YES_AGGRESSIVE;
				CLANG_WARN_UNREACHABLE_CODE = YES;
				CLANG_WARN__DUPLICATE_METHOD_MATCH = YES;
				COPY_PHASE_STRIP = NO;
				DEBUG_INFORMATION_FORMAT = "dwarf-with-dsym";
				ENABLE_NS_ASSERTIONS = NO;
				ENABLE_STRICT_OBJC_MSGSEND = YES;
				GCC_C_LANGUAGE_STANDARD = gnu11;
				GCC_NO_COMMON_BLOCKS = YES;
				GCC_WARN_64_TO_32_BIT_CONVERSION = YES;
				GCC_WARN_ABOUT_RETURN_TYPE = YES_ERROR;
				GCC_WARN_UNDECLARED_SELECTOR = YES;
				GCC_WARN_UNINITIALIZED_AUTOS = YES_AGGRESSIVE;
				GCC_WARN_UNUSED_FUNCTION = YES;
				GCC_WARN_UNUSED_VARIABLE = YES;
				IPHONEOS_DEPLOYMENT_TARGET = 15.0;
				MTL_ENABLE_DEBUG_INFO = NO;
				MTL_FAST_MATH = YES;
				SDKROOT = iphoneos;
				SWIFT_COMPILATION_MODE = wholemodule;
				SWIFT_OPTIMIZATION_LEVEL = "-O";
				VALIDATE_PRODUCT = YES;
			};
			name = Release;
		};
		6FCB5F2827F562880081A96F /* Debug */ = {
			isa = XCBuildConfiguration;
			buildSettings = {
				ASSETCATALOG_COMPILER_APPICON_NAME = AppIcon;
				ASSETCATALOG_COMPILER_GLOBAL_ACCENT_COLOR_NAME = AccentColor;
				CODE_SIGN_STYLE = Automatic;
				CURRENT_PROJECT_VERSION = 1;
				DEVELOPMENT_ASSET_PATHS = "\"Yabaikal-iOS/Preview Content\"";
				DEVELOPMENT_TEAM = JZR2Y3TGGZ;
				ENABLE_PREVIEWS = YES;
				GENERATE_INFOPLIST_FILE = YES;
				INFOPLIST_FILE = "Yabaikal-iOS/Info.plist";
				INFOPLIST_KEY_CFBundleDisplayName = "Байкал";
				INFOPLIST_KEY_UIApplicationSceneManifest_Generation = YES;
				INFOPLIST_KEY_UIApplicationSupportsIndirectInputEvents = YES;
				INFOPLIST_KEY_UILaunchScreen_Generation = YES;
				INFOPLIST_KEY_UISupportedInterfaceOrientations_iPad = "UIInterfaceOrientationPortrait UIInterfaceOrientationPortraitUpsideDown UIInterfaceOrientationLandscapeLeft UIInterfaceOrientationLandscapeRight";
				INFOPLIST_KEY_UISupportedInterfaceOrientations_iPhone = "UIInterfaceOrientationPortrait UIInterfaceOrientationLandscapeLeft UIInterfaceOrientationLandscapeRight";
				LD_RUNPATH_SEARCH_PATHS = (
					"$(inherited)",
					"@executable_path/Frameworks",
				);
				MARKETING_VERSION = 1.0;
				PRODUCT_BUNDLE_IDENTIFIER = "com.predein.Yabaikal-iOS";
				PRODUCT_NAME = "$(TARGET_NAME)";
				SWIFT_EMIT_LOC_STRINGS = YES;
				SWIFT_VERSION = 5.0;
				TARGETED_DEVICE_FAMILY = "1,2";
			};
			name = Debug;
		};
		6FCB5F2927F562880081A96F /* Release */ = {
			isa = XCBuildConfiguration;
			buildSettings = {
				ASSETCATALOG_COMPILER_APPICON_NAME = AppIcon;
				ASSETCATALOG_COMPILER_GLOBAL_ACCENT_COLOR_NAME = AccentColor;
				CODE_SIGN_STYLE = Automatic;
				CURRENT_PROJECT_VERSION = 1;
				DEVELOPMENT_ASSET_PATHS = "\"Yabaikal-iOS/Preview Content\"";
				DEVELOPMENT_TEAM = JZR2Y3TGGZ;
				ENABLE_PREVIEWS = YES;
				GENERATE_INFOPLIST_FILE = YES;
				INFOPLIST_FILE = "Yabaikal-iOS/Info.plist";
				INFOPLIST_KEY_CFBundleDisplayName = "Байкал";
				INFOPLIST_KEY_UIApplicationSceneManifest_Generation = YES;
				INFOPLIST_KEY_UIApplicationSupportsIndirectInputEvents = YES;
				INFOPLIST_KEY_UILaunchScreen_Generation = YES;
				INFOPLIST_KEY_UISupportedInterfaceOrientations_iPad = "UIInterfaceOrientationPortrait UIInterfaceOrientationPortraitUpsideDown UIInterfaceOrientationLandscapeLeft UIInterfaceOrientationLandscapeRight";
				INFOPLIST_KEY_UISupportedInterfaceOrientations_iPhone = "UIInterfaceOrientationPortrait UIInterfaceOrientationLandscapeLeft UIInterfaceOrientationLandscapeRight";
				LD_RUNPATH_SEARCH_PATHS = (
					"$(inherited)",
					"@executable_path/Frameworks",
				);
				MARKETING_VERSION = 1.0;
				PRODUCT_BUNDLE_IDENTIFIER = "com.predein.Yabaikal-iOS";
				PRODUCT_NAME = "$(TARGET_NAME)";
				SWIFT_EMIT_LOC_STRINGS = YES;
				SWIFT_VERSION = 5.0;
				TARGETED_DEVICE_FAMILY = "1,2";
			};
			name = Release;
		};
/* End XCBuildConfiguration section */

/* Begin XCConfigurationList section */
		6FCB5F1427F562870081A96F /* Build configuration list for PBXProject "Yabaikal-iOS" */ = {
			isa = XCConfigurationList;
			buildConfigurations = (
				6FCB5F2527F562880081A96F /* Debug */,
				6FCB5F2627F562880081A96F /* Release */,
			);
			defaultConfigurationIsVisible = 0;
			defaultConfigurationName = Release;
		};
		6FCB5F2727F562880081A96F /* Build configuration list for PBXNativeTarget "Yabaikal-iOS" */ = {
			isa = XCConfigurationList;
			buildConfigurations = (
				6FCB5F2827F562880081A96F /* Debug */,
				6FCB5F2927F562880081A96F /* Release */,
			);
			defaultConfigurationIsVisible = 0;
			defaultConfigurationName = Release;
		};
/* End XCConfigurationList section */
	};
	rootObject = 6FCB5F1127F562870081A96F /* Project object */;
}
